
Microsoft Visual Studio Solution File, Format Version 12.00
# Visual Studio Version 16
VisualStudioVersion = 16.0.31605.320
MinimumVisualStudioVersion = 10.0.40219.1
Project("{FAE04EC0-301F-11D3-BF4B-00C04F79EFBC}") = "Hamburger Sipariş Menüsü Oluşturma", "Hamburger Sipariş Menüsü Oluşturma\Hamburger Sipariş Menüsü Oluşturma.csproj", "{250093A1-B6C0-4B29-B1D0-68E34D2B12E4}"
EndProject
Global
	GlobalSection(SolutionConfigurationPlatforms) = preSolution
		Debug|Any CPU = Debug|Any CPU
		Release|Any CPU = Release|Any CPU
	EndGlobalSection
	GlobalSection(ProjectConfigurationPlatforms) = postSolution
		{250093A1-B6C0-4B29-B1D0-68E34D2B12E4}.Debug|Any CPU.ActiveCfg = Debug|Any CPU
		{250093A1-B6C0-4B29-B1D0-68E34D2B12E4}.Debug|Any CPU.Build.0 = Debug|Any CPU
		{250093A1-B6C0-4B29-B1D0-68E34D2B12E4}.Release|Any CPU.ActiveCfg = Release|Any CPU
		{250093A1-B6C0-4B29-B1D0-68E34D2B12E4}.Release|Any CPU.Build.0 = Release|Any CPU
	EndGlobalSection
	GlobalSection(SolutionProperties) = preSolution
		HideSolutionNode = FALSE
	EndGlobalSection
	GlobalSection(ExtensibilityGlobals) = postSolution
		SolutionGuid = {984661E9-9546-4B69-81A6-8FF0F2AE6FF4}
	EndGlobalSection
EndGlobal
